
Microsoft Visual Studio Solution File, Format Version 12.00
# Visual Studio Version 17
VisualStudioVersion = 17.0.31825.309
MinimumVisualStudioVersion = 10.0.40219.1
Project("{FAE04EC0-301F-11D3-BF4B-00C04F79EFBC}") = "ProjCQRS.Api", "ProjCQRS.Api\ProjCQRS.Api.csproj", "{9116872A-0281-4A20-910E-AC62D1C104D0}"
EndProject
Global
	GlobalSection(SolutionConfigurationPlatforms) = preSolution
		Debug|Any CPU = Debug|Any CPU
		Release|Any CPU = Release|Any CPU
	EndGlobalSection
	GlobalSection(ProjectConfigurationPlatforms) = postSolution
		{9116872A-0281-4A20-910E-AC62D1C104D0}.Debug|Any CPU.ActiveCfg = Debug|Any CPU
		{9116872A-0281-4A20-910E-AC62D1C104D0}.Debug|Any CPU.Build.0 = Debug|Any CPU
		{9116872A-0281-4A20-910E-AC62D1C104D0}.Release|Any CPU.ActiveCfg = Release|Any CPU
		{9116872A-0281-4A20-910E-AC62D1C104D0}.Release|Any CPU.Build.0 = Release|Any CPU
	EndGlobalSection
	GlobalSection(SolutionProperties) = preSolution
		HideSolutionNode = FALSE
	EndGlobalSection
	GlobalSection(ExtensibilityGlobals) = postSolution
		SolutionGuid = {975C1FDF-EE42-4D76-A8A6-D1ED786BC2A8}
	EndGlobalSection
EndGlobal
